// !$*UTF8*$!
{
	archiveVersion = 1;
	classes = {
	};
	objectVersion = 51;
	objects = {

/* Begin PBXBuildFile section */
		24739F18222FC70D00EB528E /* QuizViewController.swift in Sources */ = {isa = PBXBuildFile; fileRef = 24739F17222FC70D00EB528E /* QuizViewController.swift */; };
		24739F1A222FCA7900EB528E /* mondai.csv in Resources */ = {isa = PBXBuildFile; fileRef = 24739F19222FCA7900EB528E /* mondai.csv */; };
		24E68435222FA920008BDEA1 /* AppDelegate.swift in Sources */ = {isa = PBXBuildFile; fileRef = 24E68434222FA920008BDEA1 /* AppDelegate.swift */; };
		24E68437222FA920008BDEA1 /* ViewController.swift in Sources */ = {isa = PBXBuildFile; fileRef = 24E68436222FA920008BDEA1 /* ViewController.swift */; };
		24E6843A222FA920008BDEA1 /* Main.storyboard in Resources */ = {isa = PBXBuildFile; fileRef = 24E68438222FA920008BDEA1 /* Main.storyboard */; };
		24E6843C222FA922008BDEA1 /* Assets.xcassets in Resources */ = {isa = PBXBuildFile; fileRef = 24E6843B222FA922008BDEA1 /* Assets.xcassets */; };
		24E6843F222FA922008BDEA1 /* LaunchScreen.storyboard in Resources */ = {isa = PBXBuildFile; fileRef = 24E6843D222FA922008BDEA1 /* LaunchScreen.storyboard */; };
/* End PBXBuildFile section */

/* Begin PBXFileReference section */
		24739F17222FC70D00EB528E /* QuizViewController.swift */ = {isa = PBXFileReference; lastKnownFileType = sourcecode.swift; path = QuizViewController.swift; sourceTree = "<group>"; };
		24739F19222FCA7900EB528E /* mondai.csv */ = {isa = PBXFileReference; lastKnownFileType = text; path = mondai.csv; sourceTree = "<group>"; };
		24E68431222FA920008BDEA1 /* GTO poker trainer.app */ = {isa = PBXFileReference; explicitFileType = wrapper.application; includeInIndex = 0; path = "GTO poker trainer.app"; sourceTree = BUILT_PRODUCTS_DIR; };
		24E68434222FA920008BDEA1 /* AppDelegate.swift */ = {isa = PBXFileReference; lastKnownFileType = sourcecode.swift; path = AppDelegate.swift; sourceTree = "<group>"; };
		24E68436222FA920008BDEA1 /* ViewController.swift */ = {isa = PBXFileReference; lastKnownFileType = sourcecode.swift; path = ViewController.swift; sourceTree = "<group>"; };
		24E68439222FA920008BDEA1 /* Base */ = {isa = PBXFileReference; lastKnownFileType = file.storyboard; name = Base; path = Base.lproj/Main.storyboard; sourceTree = "<group>"; };
		24E6843B222FA922008BDEA1 /* Assets.xcassets */ = {isa = PBXFileReference; lastKnownFileType = folder.assetcatalog; path = Assets.xcassets; sourceTree = "<group>"; };
		24E6843E222FA922008BDEA1 /* Base */ = {isa = PBXFileReference; lastKnownFileType = file.storyboard; name = Base; path = Base.lproj/LaunchScreen.storyboard; sourceTree = "<group>"; };
		24E68440222FA922008BDEA1 /* Info.plist */ = {isa = PBXFileReference; lastKnownFileType = text.plist.xml; path = Info.plist; sourceTree = "<group>"; };
/* End PBXFileReference section */

/* Begin PBXFrameworksBuildPhase section */
		24E6842E222FA920008BDEA1 /* Frameworks */ = {
			isa = PBXFrameworksBuildPhase;
			buildActionMask = 2147483647;
			files = (
			);
			runOnlyForDeploymentPostprocessing = 0;
		};
/* End PBXFrameworksBuildPhase section */

/* Begin PBXGroup section */
		24E68428222FA920008BDEA1 = {
			isa = PBXGroup;
			children = (
				24E68433222FA920008BDEA1 /* GTO poker trainer */,
				24E68432222FA920008BDEA1 /* Products */,
			);
			sourceTree = "<group>";
		};
		24E68432222FA920008BDEA1 /* Products */ = {
			isa = PBXGroup;
			children = (
				24E68431222FA920008BDEA1 /* GTO poker trainer.app */,
			);
			name = Products;
			sourceTree = "<group>";
		};
		24E68433222FA920008BDEA1 /* GTO poker trainer */ = {
			isa = PBXGroup;
			children = (
				24E68434222FA920008BDEA1 /* AppDelegate.swift */,
				24E68436222FA920008BDEA1 /* ViewController.swift */,
				24E68438222FA920008BDEA1 /* Main.storyboard */,
				24E6843B222FA922008BDEA1 /* Assets.xcassets */,
				24E6843D222FA922008BDEA1 /* LaunchScreen.storyboard */,
				24E68440222FA922008BDEA1 /* Info.plist */,
				24739F17222FC70D00EB528E /* QuizViewController.swift */,
				24739F19222FCA7900EB528E /* mondai.csv */,
			);
			path = "GTO poker trainer";
			sourceTree = "<group>";
		};
/* End PBXGroup section */

/* Begin PBXNativeTarget section */
		24E68430222FA920008BDEA1 /* GTO poker trainer */ = {
			isa = PBXNativeTarget;
			buildConfigurationList = 24E68443222FA922008BDEA1 /* Build configuration list for PBXNativeTarget "GTO poker trainer" */;
			buildPhases = (
				24E6842D222FA920008BDEA1 /* Sources */,
				24E6842E222FA920008BDEA1 /* Frameworks */,
				24E6842F222FA920008BDEA1 /* Resources */,
			);
			buildRules = (
			);
			dependencies = (
			);
			name = "GTO poker trainer";
			productName = "GTO poker trainer";
			productReference = 24E68431222FA920008BDEA1 /* GTO poker trainer.app */;
			productType = "com.apple.product-type.application";
		};
/* End PBXNativeTarget section */

/* Begin PBXProject section */
		24E68429222FA920008BDEA1 /* Project object */ = {
			isa = PBXProject;
			attributes = {
				LastSwiftUpdateCheck = 1010;
				LastUpgradeCheck = 1010;
				ORGANIZATIONNAME = "Shun Tsukuda";
				TargetAttributes = {
					24E68430222FA920008BDEA1 = {
						CreatedOnToolsVersion = 10.1;
					};
				};
			};
			buildConfigurationList = 24E6842C222FA920008BDEA1 /* Build configuration list for PBXProject "GTO poker trainer" */;
			compatibilityVersion = "Xcode 10.0";
			developmentRegion = en;
			hasScannedForEncodings = 0;
			knownRegions = (
				en,
				Base,
			);
			mainGroup = 24E68428222FA920008BDEA1;
			productRefGroup = 24E68432222FA920008BDEA1 /* Products */;
			projectDirPath = "";
			projectRoot = "";
			targets = (
				24E68430222FA920008BDEA1 /* GTO poker trainer */,
			);
		};
/* End PBXProject section */

/* Begin PBXResourcesBuildPhase section */
		24E6842F222FA920008BDEA1 /* Resources */ = {
			isa = PBXResourcesBuildPhase;
			buildActionMask = 2147483647;
			files = (
				24739F1A222FCA7900EB528E /* mondai.csv in Resources */,
				24E6843F222FA922008BDEA1 /* LaunchScreen.storyboard in Resources */,
				24E6843C222FA922008BDEA1 /* Assets.xcassets in Resources */,
				24E6843A222FA920008BDEA1 /* Main.storyboard in Resources */,
			);
			runOnlyForDeploymentPostprocessing = 0;
		};
/* End PBXResourcesBuildPhase section */

/* Begin PBXSourcesBuildPhase section */
		24E6842D222FA920008BDEA1 /* Sources */ = {
			isa = PBXSourcesBuildPhase;
			buildActionMask = 2147483647;
			files = (
				24739F18222FC70D00EB528E /* QuizViewController.swift in Sources */,
				24E68437222FA920008BDEA1 /* ViewController.swift in Sources */,
				24E68435222FA920008BDEA1 /* AppDelegate.swift in Sources */,
			);
			runOnlyForDeploymentPostprocessing = 0;
		};
/* End PBXSourcesBuildPhase section */

/* Begin PBXVariantGroup section */
		24E68438222FA920008BDEA1 /* Main.storyboard */ = {
			isa = PBXVariantGroup;
			children = (
				24E68439222FA920008BDEA1 /* Base */,
			);
			name = Main.storyboard;
			sourceTree = "<group>";
		};
		24E6843D222FA922008BDEA1 /* LaunchScreen.storyboard */ = {
			isa = PBXVariantGroup;
			children = (
				24E6843E222FA922008BDEA1 /* Base */,
			);
			name = LaunchScreen.storyboard;
			sourceTree = "<group>";
		};
/* End PBXVariantGroup section */

/* Begin XCBuildConfiguration section */
		24E68441222FA922008BDEA1 /* Debug */ = {
			isa = XCBuildConfiguration;
			buildSettings = {
				ALWAYS_SEARCH_USER_PATHS = NO;
				CLANG_ANALYZER_NONNULL = YES;
				CLANG_ANALYZER_NUMBER_OBJECT_CONVERSION = YES_AGGRESSIVE;
				CLANG_CXX_LANGUAGE_STANDARD = "gnu++14";
				CLANG_CXX_LIBRARY = "libc++";
				CLANG_ENABLE_MODULES = YES;
				CLANG_ENABLE_OBJC_ARC = YES;
				CLANG_ENABLE_OBJC_WEAK = YES;
				CLANG_WARN_BLOCK_CAPTURE_AUTORELEASING = YES;
				CLANG_WARN_BOOL_CONVERSION = YES;
				CLANG_WARN_COMMA = YES;
				CLANG_WARN_CONSTANT_CONVERSION = YES;
				CLANG_WARN_DEPRECATED_OBJC_IMPLEMENTATIONS = YES;
				CLANG_WARN_DIRECT_OBJC_ISA_USAGE = YES_ERROR;
				CLANG_WARN_DOCUMENTATION_COMMENTS = YES;
				CLANG_WARN_EMPTY_BODY = YES;
				CLANG_WARN_ENUM_CONVERSION = YES;
				CLANG_WARN_INFINITE_RECURSION = YES;
				CLANG_WARN_INT_CONVERSION = YES;
				CLANG_WARN_NON_LITERAL_NULL_CONVERSION = YES;
				CLANG_WARN_OBJC_IMPLICIT_RETAIN_SELF = YES;
				CLANG_WARN_OBJC_LITERAL_CONVERSION = YES;
				CLANG_WARN_OBJC_ROOT_CLASS = YES_ERROR;
				CLANG_WARN_RANGE_LOOP_ANALYSIS = YES;
				CLANG_WARN_STRICT_PROTOTYPES = YES;
				CLANG_WARN_SUSPICIOUS_MOVE = YES;
				CLANG_WARN_UNGUARDED_AVAILABILITY = YES_AGGRESSIVE;
				CLANG_WARN_UNREACHABLE_CODE = YES;
				CLANG_WARN__DUPLICATE_METHOD_MATCH = YES;
				CODE_SIGN_IDENTITY = "iPhone Developer";
				COPY_PHASE_STRIP = NO;
				DEBUG_INFORMATION_FORMAT = dwarf;
				ENABLE_STRICT_OBJC_MSGSEND = YES;
				ENABLE_TESTABILITY = YES;
				GCC_C_LANGUAGE_STANDARD = gnu11;
				GCC_DYNAMIC_NO_PIC = NO;
				GCC_NO_COMMON_BLOCKS = YES;
				GCC_OPTIMIZATION_LEVEL = 0;
				GCC_PREPROCESSOR_DEFINITIONS = (
					"DEBUG=1",
					"$(inherited)",
				);
				GCC_WARN_64_TO_32_BIT_CONVERSION = YES;
				GCC_WARN_ABOUT_RETURN_TYPE = YES_ERROR;
				GCC_WARN_UNDECLARED_SELECTOR = YES;
				GCC_WARN_UNINITIALIZED_AUTOS = YES_AGGRESSIVE;
				GCC_WARN_UNUSED_FUNCTION = YES;
				GCC_WARN_UNUSED_VARIABLE = YES;
				IPHONEOS_DEPLOYMENT_TARGET = 12.1;
				MTL_ENABLE_DEBUG_INFO = INCLUDE_SOURCE;
				MTL_FAST_MATH = YES;
				ONLY_ACTIVE_ARCH = YES;
				SDKROOT = iphoneos;
				SWIFT_ACTIVE_COMPILATION_CONDITIONS = DEBUG;
				SWIFT_OPTIMIZATION_LEVEL = "-Onone";
			};
			name = Debug;
		};
		24E68442222FA922008BDEA1 /* Release */ = {
			isa = XCBuildConfiguration;
			buildSettings = {
				ALWAYS_SEARCH_USER_PATHS = NO;
				CLANG_ANALYZER_NONNULL = YES;
				CLANG_ANALYZER_NUMBER_OBJECT_CONVERSION = YES_AGGRESSIVE;
				CLANG_CXX_LANGUAGE_STANDARD = "gnu++14";
				CLANG_CXX_LIBRARY = "libc++";
				CLANG_ENABLE_MODULES = YES;
				CLANG_ENABLE_OBJC_ARC = YES;
				CLANG_ENABLE_OBJC_WEAK = YES;
				CLANG_WARN_BLOCK_CAPTURE_AUTORELEASING = YES;
				CLANG_WARN_BOOL_CONVERSION = YES;
				CLANG_WARN_COMMA = YES;
				CLANG_WARN_CONSTANT_CONVERSION = YES;
				CLANG_WARN_DEPRECATED_OBJC_IMPLEMENTATIONS = YES;
				CLANG_WARN_DIRECT_OBJC_ISA_USAGE = YES_ERROR;
				CLANG_WARN_DOCUMENTATION_COMMENTS = YES;
				CLANG_WARN_EMPTY_BODY = YES;
				CLANG_WARN_ENUM_CONVERSION = YES;
				CLANG_WARN_INFINITE_RECURSION = YES;
				CLANG_WARN_INT_CONVERSION = YES;
				CLANG_WARN_NON_LITERAL_NULL_CONVERSION = YES;
				CLANG_WARN_OBJC_IMPLICIT_RETAIN_SELF = YES;
				CLANG_WARN_OBJC_LITERAL_CONVERSION = YES;
				CLANG_WARN_OBJC_ROOT_CLASS = YES_ERROR;
				CLANG_WARN_RANGE_LOOP_ANALYSIS = YES;
				CLANG_WARN_STRICT_PROTOTYPES = YES;
				CLANG_WARN_SUSPICIOUS_MOVE = YES;
				CLANG_WARN_UNGUARDED_AVAILABILITY = YES_AGGRESSIVE;
				CLANG_WARN_UNREACHABLE_CODE = YES;
				CLANG_WARN__DUPLICATE_METHOD_MATCH = YES;
				CODE_SIGN_IDENTITY = "iPhone Developer";
				COPY_PHASE_STRIP = NO;
				DEBUG_INFORMATION_FORMAT = "dwarf-with-dsym";
				ENABLE_NS_ASSERTIONS = NO;
				ENABLE_STRICT_OBJC_MSGSEND = YES;
				GCC_C_LANGUAGE_STANDARD = gnu11;
				GCC_NO_COMMON_BLOCKS = YES;
				GCC_WARN_64_TO_32_BIT_CONVERSION = YES;
				GCC_WARN_ABOUT_RETURN_TYPE = YES_ERROR;
				GCC_WARN_UNDECLARED_SELECTOR = YES;
				GCC_WARN_UNINITIALIZED_AUTOS = YES_AGGRESSIVE;
				GCC_WARN_UNUSED_FUNCTION = YES;
				GCC_WARN_UNUSED_VARIABLE = YES;
				IPHONEOS_DEPLOYMENT_TARGET = 12.1;
				MTL_ENABLE_DEBUG_INFO = NO;
				MTL_FAST_MATH = YES;
				SDKROOT = iphoneos;
				SWIFT_COMPILATION_MODE = wholemodule;
				SWIFT_OPTIMIZATION_LEVEL = "-O";
				VALIDATE_PRODUCT = YES;
			};
			name = Release;
		};
		24E68444222FA922008BDEA1 /* Debug */ = {
			isa = XCBuildConfiguration;
			buildSettings = {
				ASSETCATALOG_COMPILER_APPICON_NAME = AppIcon;
				CODE_SIGN_STYLE = Automatic;
				DEVELOPMENT_TEAM = HYLL86G873;
				INFOPLIST_FILE = "GTO poker trainer/Info.plist";
				IPHONEOS_DEPLOYMENT_TARGET = 12.1;
				LD_RUNPATH_SEARCH_PATHS = (
					"$(inherited)",
					"@executable_path/Frameworks",
				);
				PRODUCT_BUNDLE_IDENTIFIER = "titech.GTO-poker-trainer";
				PRODUCT_NAME = "$(TARGET_NAME)";
				SWIFT_VERSION = 4.2;
				TARGETED_DEVICE_FAMILY = 1;
			};
			name = Debug;
		};
		24E68445222FA922008BDEA1 /* Release */ = {
			isa = XCBuildConfiguration;
			buildSettings = {
				ASSETCATALOG_COMPILER_APPICON_NAME = AppIcon;
				CODE_SIGN_STYLE = Automatic;
				DEVELOPMENT_TEAM = HYLL86G873;
				INFOPLIST_FILE = "GTO poker trainer/Info.plist";
				IPHONEOS_DEPLOYMENT_TARGET = 12.1;
				LD_RUNPATH_SEARCH_PATHS = (
					"$(inherited)",
					"@executable_path/Frameworks",
				);
				PRODUCT_BUNDLE_IDENTIFIER = "titech.GTO-poker-trainer";
				PRODUCT_NAME = "$(TARGET_NAME)";
				SWIFT_VERSION = 4.2;
				TARGETED_DEVICE_FAMILY = 1;
			};
			name = Release;
		};
/* End XCBuildConfiguration section */

/* Begin XCConfigurationList section */
		24E6842C222FA920008BDEA1 /* Build configuration list for PBXProject "GTO poker trainer" */ = {
			isa = XCConfigurationList;
			buildConfigurations = (
				24E68441222FA922008BDEA1 /* Debug */,
				24E68442222FA922008BDEA1 /* Release */,
			);
			defaultConfigurationIsVisible = 0;
			defaultConfigurationName = Release;
		};
		24E68443222FA922008BDEA1 /* Build configuration list for PBXNativeTarget "GTO poker trainer" */ = {
			isa = XCConfigurationList;
			buildConfigurations = (
				24E68444222FA922008BDEA1 /* Debug */,
				24E68445222FA922008BDEA1 /* Release */,
			);
			defaultConfigurationIsVisible = 0;
			defaultConfigurationName = Release;
		};
/* End XCConfigurationList section */
	};
	rootObject = 24E68429222FA920008BDEA1 /* Project object */;
}
